
Microsoft Visual Studio Solution File, Format Version 12.00
Project("{FAE04EC0-301F-11D3-BF4B-00C04F79EFBC}") = "Action", "Action\Action.csproj", "{FDE6EC13-DE37-47B5-999D-29D835733301}"
EndProject
Global
	GlobalSection(SolutionConfigurationPlatforms) = preSolution
		Debug|Any CPU = Debug|Any CPU
		Release|Any CPU = Release|Any CPU
	EndGlobalSection
	GlobalSection(ProjectConfigurationPlatforms) = postSolution
		{FDE6EC13-DE37-47B5-999D-29D835733301}.Debug|Any CPU.ActiveCfg = Debug|Any CPU
		{FDE6EC13-DE37-47B5-999D-29D835733301}.Debug|Any CPU.Build.0 = Debug|Any CPU
		{FDE6EC13-DE37-47B5-999D-29D835733301}.Release|Any CPU.ActiveCfg = Release|Any CPU
		{FDE6EC13-DE37-47B5-999D-29D835733301}.Release|Any CPU.Build.0 = Release|Any CPU
	EndGlobalSection
EndGlobal
